
Microsoft Visual Studio Solution File, Format Version 12.00
# Visual Studio Version 17
VisualStudioVersion = 17.11.35303.130
MinimumVisualStudioVersion = 10.0.40219.1
Project("{2150E333-8FDC-42A3-9474-1A3956D46DE8}") = "Task0", "Task0", "{17059B56-7312-4F5C-B322-1E6D3DE5953C}"
EndProject
Project("{FAE04EC0-301F-11D3-BF4B-00C04F79EFBC}") = "Tyuiu.FilimonchukED.Sprint0.Task0.V0", "Tyuiu.FilimonchukED.Sprint0.Task0.V0\Tyuiu.FilimonchukED.Sprint0.Task0.V0.csproj", "{FFE1A2E6-98E4-4E10-9184-F7C5F56ACDC8}"
EndProject
Project("{2150E333-8FDC-42A3-9474-1A3956D46DE8}") = "Task1", "Task1", "{618230BE-31FB-42D2-8CBF-C7036481E9D3}"
EndProject
Project("{FAE04EC0-301F-11D3-BF4B-00C04F79EFBC}") = "Tyuiu.FilimonchukED.Sprint0.Task1.V0", "Tyuiu.FilimonchukED.Sprint0.Task1.V0\Tyuiu.FilimonchukED.Sprint0.Task1.V0.csproj", "{8F5D79F9-F73F-4383-A234-6DAD7CF92B54}"
EndProject
Project("{2150E333-8FDC-42A3-9474-1A3956D46DE8}") = "Task2", "Task2", "{1132ACD6-3CC3-4D53-8E8F-EA81B916C8DB}"
EndProject
Project("{FAE04EC0-301F-11D3-BF4B-00C04F79EFBC}") = "Tyuiu.FilimonchukED.Sprint0.Task2.V0", "Tyuiu.FilimonchukED.Sprint0.Task2.V0\Tyuiu.FilimonchukED.Sprint0.Task2.V0.csproj", "{BBCE0EDA-DDEA-466E-AEC0-484E5E8E5E61}"
EndProject
Project("{FAE04EC0-301F-11D3-BF4B-00C04F79EFBC}") = "Tyuiu.FilimonchukED.Sprint0.Task2.V0.Lib", "Tyuiu.FilimonchukED.Sprint0.Task2.V0.Lib\Tyuiu.FilimonchukED.Sprint0.Task2.V0.Lib.csproj", "{13A63B29-5D95-4AB1-9868-A75B5B1CF0FF}"
EndProject
Project("{FAE04EC0-301F-11D3-BF4B-00C04F79EFBC}") = "Tyuiu.FilimonchukED.Sprint0.Task2.V0.Test", "Tyuiu.FilimonchukED.Sprint0.Task2.V0.Test\Tyuiu.FilimonchukED.Sprint0.Task2.V0.Test.csproj", "{44ADA3D4-1210-40C1-B2D5-4A9EA8D8C3B0}"
EndProject
Global
	GlobalSection(SolutionConfigurationPlatforms) = preSolution
		Debug|Any CPU = Debug|Any CPU
		Release|Any CPU = Release|Any CPU
	EndGlobalSection
	GlobalSection(ProjectConfigurationPlatforms) = postSolution
		{FFE1A2E6-98E4-4E10-9184-F7C5F56ACDC8}.Debug|Any CPU.ActiveCfg = Debug|Any CPU
		{FFE1A2E6-98E4-4E10-9184-F7C5F56ACDC8}.Debug|Any CPU.Build.0 = Debug|Any CPU
		{FFE1A2E6-98E4-4E10-9184-F7C5F56ACDC8}.Release|Any CPU.ActiveCfg = Release|Any CPU
		{FFE1A2E6-98E4-4E10-9184-F7C5F56ACDC8}.Release|Any CPU.Build.0 = Release|Any CPU
		{8F5D79F9-F73F-4383-A234-6DAD7CF92B54}.Debug|Any CPU.ActiveCfg = Debug|Any CPU
		{8F5D79F9-F73F-4383-A234-6DAD7CF92B54}.Debug|Any CPU.Build.0 = Debug|Any CPU
		{8F5D79F9-F73F-4383-A234-6DAD7CF92B54}.Release|Any CPU.ActiveCfg = Release|Any CPU
		{8F5D79F9-F73F-4383-A234-6DAD7CF92B54}.Release|Any CPU.Build.0 = Release|Any CPU
		{BBCE0EDA-DDEA-466E-AEC0-484E5E8E5E61}.Debug|Any CPU.ActiveCfg = Debug|Any CPU
		{BBCE0EDA-DDEA-466E-AEC0-484E5E8E5E61}.Debug|Any CPU.Build.0 = Debug|Any CPU
		{BBCE0EDA-DDEA-466E-AEC0-484E5E8E5E61}.Release|Any CPU.ActiveCfg = Release|Any CPU
		{BBCE0EDA-DDEA-466E-AEC0-484E5E8E5E61}.Release|Any CPU.Build.0 = Release|Any CPU
		{13A63B29-5D95-4AB1-9868-A75B5B1CF0FF}.Debug|Any CPU.ActiveCfg = Debug|Any CPU
		{13A63B29-5D95-4AB1-9868-A75B5B1CF0FF}.Debug|Any CPU.Build.0 = Debug|Any CPU
		{13A63B29-5D95-4AB1-9868-A75B5B1CF0FF}.Release|Any CPU.ActiveCfg = Release|Any CPU
		{13A63B29-5D95-4AB1-9868-A75B5B1CF0FF}.Release|Any CPU.Build.0 = Release|Any CPU
		{44ADA3D4-1210-40C1-B2D5-4A9EA8D8C3B0}.Debug|Any CPU.ActiveCfg = Debug|Any CPU
		{44ADA3D4-1210-40C1-B2D5-4A9EA8D8C3B0}.Debug|Any CPU.Build.0 = Debug|Any CPU
		{44ADA3D4-1210-40C1-B2D5-4A9EA8D8C3B0}.Release|Any CPU.ActiveCfg = Release|Any CPU
		{44ADA3D4-1210-40C1-B2D5-4A9EA8D8C3B0}.Release|Any CPU.Build.0 = Release|Any CPU
	EndGlobalSection
	GlobalSection(SolutionProperties) = preSolution
		HideSolutionNode = FALSE
	EndGlobalSection
	GlobalSection(NestedProjects) = preSolution
		{FFE1A2E6-98E4-4E10-9184-F7C5F56ACDC8} = {17059B56-7312-4F5C-B322-1E6D3DE5953C}
		{8F5D79F9-F73F-4383-A234-6DAD7CF92B54} = {618230BE-31FB-42D2-8CBF-C7036481E9D3}
		{BBCE0EDA-DDEA-466E-AEC0-484E5E8E5E61} = {1132ACD6-3CC3-4D53-8E8F-EA81B916C8DB}
		{13A63B29-5D95-4AB1-9868-A75B5B1CF0FF} = {1132ACD6-3CC3-4D53-8E8F-EA81B916C8DB}
		{44ADA3D4-1210-40C1-B2D5-4A9EA8D8C3B0} = {1132ACD6-3CC3-4D53-8E8F-EA81B916C8DB}
	EndGlobalSection
	GlobalSection(ExtensibilityGlobals) = postSolution
		SolutionGuid = {050F9074-2803-4E2B-971A-84C1D2EFA480}
	EndGlobalSection
EndGlobal
